
Microsoft Visual Studio Solution File, Format Version 12.00
# Visual Studio Version 16
VisualStudioVersion = 16.0.30011.22
MinimumVisualStudioVersion = 10.0.40219.1
Project("{8BC9CEB8-8B4A-11D0-8D11-00A0C91BC942}") = "PP_Labs", "PP_Labs\PP_Labs.vcxproj", "{05262405-B22D-4AE7-990D-8C989A700C32}"
EndProject
Project("{8BC9CEB8-8B4A-11D0-8D11-00A0C91BC942}") = "Inverse_Serial", "..\Inverse_Serial\Inverse_Serial\Inverse_Serial.vcxproj", "{0443504B-10CC-445B-942A-CC0D2133E9E5}"
EndProject
Project("{8BC9CEB8-8B4A-11D0-8D11-00A0C91BC942}") = "MPI_Lab", "..\MPI_Lab\MPI_Lab\MPI_Lab.vcxproj", "{7370905E-516A-4914-BF0E-0F9D6C12782A}"
EndProject
Project("{8BC9CEB8-8B4A-11D0-8D11-00A0C91BC942}") = "OpenMP_Lab", "..\OpenMP_Lab\OpenMP_Lab\OpenMP_Lab.vcxproj", "{8A91BC4C-5DC8-4C6F-A282-44B014A7AB3C}"
EndProject
Global
	GlobalSection(SolutionConfigurationPlatforms) = preSolution
		Debug|x64 = Debug|x64
		Debug|x86 = Debug|x86
		Release|x64 = Release|x64
		Release|x86 = Release|x86
	EndGlobalSection
	GlobalSection(ProjectConfigurationPlatforms) = postSolution
		{05262405-B22D-4AE7-990D-8C989A700C32}.Debug|x64.ActiveCfg = Debug|x64
		{05262405-B22D-4AE7-990D-8C989A700C32}.Debug|x64.Build.0 = Debug|x64
		{05262405-B22D-4AE7-990D-8C989A700C32}.Debug|x86.ActiveCfg = Debug|Win32
		{05262405-B22D-4AE7-990D-8C989A700C32}.Debug|x86.Build.0 = Debug|Win32
		{05262405-B22D-4AE7-990D-8C989A700C32}.Release|x64.ActiveCfg = Release|x64
		{05262405-B22D-4AE7-990D-8C989A700C32}.Release|x64.Build.0 = Release|x64
		{05262405-B22D-4AE7-990D-8C989A700C32}.Release|x86.ActiveCfg = Release|Win32
		{05262405-B22D-4AE7-990D-8C989A700C32}.Release|x86.Build.0 = Release|Win32
		{0443504B-10CC-445B-942A-CC0D2133E9E5}.Debug|x64.ActiveCfg = Debug|x64
		{0443504B-10CC-445B-942A-CC0D2133E9E5}.Debug|x64.Build.0 = Debug|x64
		{0443504B-10CC-445B-942A-CC0D2133E9E5}.Debug|x86.ActiveCfg = Debug|Win32
		{0443504B-10CC-445B-942A-CC0D2133E9E5}.Debug|x86.Build.0 = Debug|Win32
		{0443504B-10CC-445B-942A-CC0D2133E9E5}.Release|x64.ActiveCfg = Release|x64
		{0443504B-10CC-445B-942A-CC0D2133E9E5}.Release|x64.Build.0 = Release|x64
		{0443504B-10CC-445B-942A-CC0D2133E9E5}.Release|x86.ActiveCfg = Release|Win32
		{0443504B-10CC-445B-942A-CC0D2133E9E5}.Release|x86.Build.0 = Release|Win32
		{7370905E-516A-4914-BF0E-0F9D6C12782A}.Debug|x64.ActiveCfg = Debug|x64
		{7370905E-516A-4914-BF0E-0F9D6C12782A}.Debug|x64.Build.0 = Debug|x64
		{7370905E-516A-4914-BF0E-0F9D6C12782A}.Debug|x86.ActiveCfg = Debug|Win32
		{7370905E-516A-4914-BF0E-0F9D6C12782A}.Debug|x86.Build.0 = Debug|Win32
		{7370905E-516A-4914-BF0E-0F9D6C12782A}.Release|x64.ActiveCfg = Release|x64
		{7370905E-516A-4914-BF0E-0F9D6C12782A}.Release|x64.Build.0 = Release|x64
		{7370905E-516A-4914-BF0E-0F9D6C12782A}.Release|x86.ActiveCfg = Release|Win32
		{7370905E-516A-4914-BF0E-0F9D6C12782A}.Release|x86.Build.0 = Release|Win32
		{8A91BC4C-5DC8-4C6F-A282-44B014A7AB3C}.Debug|x64.ActiveCfg = Debug|x64
		{8A91BC4C-5DC8-4C6F-A282-44B014A7AB3C}.Debug|x64.Build.0 = Debug|x64
		{8A91BC4C-5DC8-4C6F-A282-44B014A7AB3C}.Debug|x86.ActiveCfg = Debug|Win32
		{8A91BC4C-5DC8-4C6F-A282-44B014A7AB3C}.Debug|x86.Build.0 = Debug|Win32
		{8A91BC4C-5DC8-4C6F-A282-44B014A7AB3C}.Release|x64.ActiveCfg = Release|x64
		{8A91BC4C-5DC8-4C6F-A282-44B014A7AB3C}.Release|x64.Build.0 = Release|x64
		{8A91BC4C-5DC8-4C6F-A282-44B014A7AB3C}.Release|x86.ActiveCfg = Release|Win32
		{8A91BC4C-5DC8-4C6F-A282-44B014A7AB3C}.Release|x86.Build.0 = Release|Win32
	EndGlobalSection
	GlobalSection(SolutionProperties) = preSolution
		HideSolutionNode = FALSE
	EndGlobalSection
	GlobalSection(ExtensibilityGlobals) = postSolution
		SolutionGuid = {83552445-8DC9-4FC6-88B8-954CB04E918C}
	EndGlobalSection
EndGlobal
